
Microsoft Visual Studio Solution File, Format Version 12.00
# Visual Studio 15
Project("{FAE04EC0-301F-11D3-BF4B-00C04F79EFBC}") = "PO-SAJ-Hololens", "PO-SAJ-Hololens.csproj", "{6DFFA185-BE52-2706-C0D7-B19FB318E57E}"
EndProject
Project("{FAE04EC0-301F-11D3-BF4B-00C04F79EFBC}") = "PO-SAJ-Hololens.Editor", "PO-SAJ-Hololens.Editor.csproj", "{2F1B8875-87E7-CE7E-9FC8-563C45882EB7}"
EndProject
Global
	GlobalSection(SolutionConfigurationPlatforms) = preSolution
		Debug|Any CPU = Debug|Any CPU
		Release|Any CPU = Release|Any CPU
	EndGlobalSection
	GlobalSection(ProjectConfigurationPlatforms) = postSolution
		{6DFFA185-BE52-2706-C0D7-B19FB318E57E}.Debug|Any CPU.ActiveCfg = Debug|Any CPU
		{6DFFA185-BE52-2706-C0D7-B19FB318E57E}.Debug|Any CPU.Build.0 = Debug|Any CPU
		{6DFFA185-BE52-2706-C0D7-B19FB318E57E}.Release|Any CPU.ActiveCfg = Release|Any CPU
		{6DFFA185-BE52-2706-C0D7-B19FB318E57E}.Release|Any CPU.Build.0 = Release|Any CPU
		{2F1B8875-87E7-CE7E-9FC8-563C45882EB7}.Debug|Any CPU.ActiveCfg = Debug|Any CPU
		{2F1B8875-87E7-CE7E-9FC8-563C45882EB7}.Debug|Any CPU.Build.0 = Debug|Any CPU
		{2F1B8875-87E7-CE7E-9FC8-563C45882EB7}.Release|Any CPU.ActiveCfg = Release|Any CPU
		{2F1B8875-87E7-CE7E-9FC8-563C45882EB7}.Release|Any CPU.Build.0 = Release|Any CPU
	EndGlobalSection
	GlobalSection(SolutionProperties) = preSolution
		HideSolutionNode = FALSE
	EndGlobalSection
EndGlobal
